schema: '2.0'
stages:
  data_ingestion:
    cmd: python src/ChestCancerClassifier/pipeline/stage_01_data_ingestion.py
    deps:
    - path: config/config.yaml
      hash: md5
      md5: e1c0bd5a0977461fbd4269064c707f16
      size: 567
    - path: src/ChestCancerClassifier/pipeline/stage_01_data_ingestion.py
      hash: md5
      md5: 9879b6674e00d95d87f0a8015b44cce9
      size: 1145
    outs:
    - path: artifacts/data_ingestion/Augmented images
      hash: md5
      md5: d32d40ded6158a2e93f6bac42752a403.dir
      size: 180267377
      nfiles: 31960
  prepare_base_model:
    cmd: python src/ChestCancerClassifier/pipeline/stage_02_prepare_base_model.py
    deps:
    - path: config/config.yaml
      hash: md5
      md5: e1c0bd5a0977461fbd4269064c707f16
      size: 567
    - path: src/ChestCancerClassifier/pipeline/stage_02_prepare_base_model.py
      hash: md5
      md5: ea11ff2d097e078f6b4b8751ed3b5b73
      size: 1094
    params:
      params.yaml:
        CLASSES: 2
        IMAGE_SIZE:
        - 224
        - 224
        - 3
        INCLUDE_TOP: false
        LEARNING_RATE: 0.0001
        WEIGHTS: imagenet
    outs:
    - path: artifacts/prepare_base_model
      hash: md5
      md5: 0e0017e4b928596fe2f0f47915066cfc.dir
      size: 190540712
      nfiles: 2
  training:
    cmd: python src/ChestCancerClassifier/pipeline/stage_03_model_trainer.py
    deps:
    - path: artifacts/data_ingestion/Augmented images
      hash: md5
      md5: d32d40ded6158a2e93f6bac42752a403.dir
      size: 180267377
      nfiles: 31960
    - path: artifacts/prepare_base_model/base_model_updated.h5
      hash: md5
      md5: 72dddb2f1b0d4864c8723df8ce5ccb6e
      size: 95675744
    - path: config/config.yaml
      hash: md5
      md5: e1c0bd5a0977461fbd4269064c707f16
      size: 567
    - path: retrain_trigger.txt
      hash: md5
      md5: 20255bdf663da713d77b910454f9076a
      size: 36
    - path: src/ChestCancerClassifier/pipeline/stage_03_model_trainer.py
      hash: md5
      md5: 0517ed5443d1f2c01c484ada2bd3a13e
      size: 1199
    params:
      params.yaml:
        AUGMENTATION: true
        BATCH_SIZE: 32
        EPOCHS: 2
        IMAGE_SIZE:
        - 224
        - 224
        - 3
    outs:
    - path: artifacts/training/model.h5
      hash: md5
      md5: bb8e2891207b978bc239ee14859c5ca6
      size: 96481200
  evaluation:
    cmd: python src/ChestCancerClassifier/pipeline/stage_04_model_evaluation.py
    deps:
    - path: artifacts/data_ingestion/Augmented images
      hash: md5
      md5: d32d40ded6158a2e93f6bac42752a403.dir
      size: 180267377
      nfiles: 31960
    - path: artifacts/training/model.h5
      hash: md5
      md5: 6ff30ddbaf49f849e8e7b0ccc276a7f5
      size: 96481200
    - path: config/config.yaml
      hash: md5
      md5: e1c0bd5a0977461fbd4269064c707f16
      size: 567
    - path: src/ChestCancerClassifier/pipeline/stage_04_model_evaluation.py
      hash: md5
      md5: 0f7e7d1d8e4a850fd288a684d4200aa3
      size: 6543
    params:
      params.yaml:
        BATCH_SIZE: 32
        IMAGE_SIZE:
        - 224
        - 224
        - 3
    outs:
    - path: scores.json
      hash: md5
      md5: 9226da17ead34ca869d7cd2924d2b44e
      size: 72
  feedback_retraining:
    cmd: python src/ChestCancerClassifier/pipeline/stage_05_feedback_retrain.py
    deps:
    - path: artifacts/training/model.h5
      hash: md5
      md5: c2a0d9bc4c9b191e35f56de215868739
      size: 59337520
    - path: incorrect_predictions.json
      hash: md5
      md5: a596546070c86d3eb25d7cbac4e1f295
      size: 1203
    - path: src/ChestCancerClassifier/pipeline/stage_05_feedback_retrain.py
      hash: md5
      md5: 51bc6d53ec581bd1809bf136dbeed3b1
      size: 9783
    outs:
    - path: artifacts/retraining/updated_model.h5
      hash: md5
      md5: b5153220ca5da4da024f98c8f547fd0f
      size: 159684608
